// !$*UTF8*$!
{
	archiveVersion = 1;
	classes = {
	};
	objectVersion = 56;
	objects = {

/* Begin PBXBuildFile section */
		DF199F5F2C5E882800963D11 /* LandmarksApp.swift in Sources */ = {isa = PBXBuildFile; fileRef = DF199F5E2C5E882800963D11 /* LandmarksApp.swift */; };
		DF199F612C5E882800963D11 /* ContentView.swift in Sources */ = {isa = PBXBuildFile; fileRef = DF199F602C5E882800963D11 /* ContentView.swift */; };
		DF199F632C5E882900963D11 /* Assets.xcassets in Resources */ = {isa = PBXBuildFile; fileRef = DF199F622C5E882900963D11 /* Assets.xcassets */; };
		DF199F662C5E882900963D11 /* Preview Assets.xcassets in Resources */ = {isa = PBXBuildFile; fileRef = DF199F652C5E882900963D11 /* Preview Assets.xcassets */; };
		DF199F6D2C5E8BE000963D11 /* ImageView.swift in Sources */ = {isa = PBXBuildFile; fileRef = DF199F6C2C5E8BE000963D11 /* ImageView.swift */; };
		DF199F6F2C5E8CB900963D11 /* MapView.swift in Sources */ = {isa = PBXBuildFile; fileRef = DF199F6E2C5E8CB900963D11 /* MapView.swift */; };
		DF199F712C5E8F1D00963D11 /* landmarkData.json in Resources */ = {isa = PBXBuildFile; fileRef = DF199F702C5E8F1D00963D11 /* landmarkData.json */; };
		DF199F732C5E8F3200963D11 /* Landmark.swift in Sources */ = {isa = PBXBuildFile; fileRef = DF199F722C5E8F3200963D11 /* Landmark.swift */; };
		DF199F752C5E90C500963D11 /* ModelData.swift in Sources */ = {isa = PBXBuildFile; fileRef = DF199F742C5E90C500963D11 /* ModelData.swift */; };
		DF199F7A2C5E946500963D11 /* LandmarkRow.swift in Sources */ = {isa = PBXBuildFile; fileRef = DF199F792C5E946500963D11 /* LandmarkRow.swift */; };
		DF199F7C2C5E95BC00963D11 /* LandmarkList.swift in Sources */ = {isa = PBXBuildFile; fileRef = DF199F7B2C5E95BC00963D11 /* LandmarkList.swift */; };
		DF199F7E2C5E969700963D11 /* LandmarkDetail.swift in Sources */ = {isa = PBXBuildFile; fileRef = DF199F7D2C5E969700963D11 /* LandmarkDetail.swift */; };
		DF199F802C5EA02500963D11 /* FavoriteButton.swift in Sources */ = {isa = PBXBuildFile; fileRef = DF199F7F2C5EA02500963D11 /* FavoriteButton.swift */; };
		DF5EE89B2C6744CA0017B3FC /* PageControl.swift in Sources */ = {isa = PBXBuildFile; fileRef = DF5EE89A2C6744CA0017B3FC /* PageControl.swift */; };
		DF5EE89F2C674AE20017B3FC /* Simulator Screenshot - iPhone 15 Pro - 2024-08-10 at 12.56.59.png in Resources */ = {isa = PBXBuildFile; fileRef = DF5EE89E2C674AE20017B3FC /* Simulator Screenshot - iPhone 15 Pro - 2024-08-10 at 12.56.59.png */; };
		DF5EE8A22C674AEA0017B3FC /* Simulator Screenshot - iPhone 15 Pro - 2024-08-10 at 12.57.04.png in Resources */ = {isa = PBXBuildFile; fileRef = DF5EE8A02C674AEA0017B3FC /* Simulator Screenshot - iPhone 15 Pro - 2024-08-10 at 12.57.04.png */; };
		DF5EE8A32C674AEA0017B3FC /* Simulator Screenshot - iPhone 15 Pro - 2024-08-10 at 12.57.20.png in Resources */ = {isa = PBXBuildFile; fileRef = DF5EE8A12C674AEA0017B3FC /* Simulator Screenshot - iPhone 15 Pro - 2024-08-10 at 12.57.20.png */; };
		DFCF795A2C5F64D0008E41E8 /* hikeData.json in Resources */ = {isa = PBXBuildFile; fileRef = DFCF79592C5F64D0008E41E8 /* hikeData.json */; };
		DFCF795C2C5F64EE008E41E8 /* Hike.swift in Sources */ = {isa = PBXBuildFile; fileRef = DFCF795B2C5F64EE008E41E8 /* Hike.swift */; };
		DFCF79622C5F6641008E41E8 /* GraphCapsule.swift in Sources */ = {isa = PBXBuildFile; fileRef = DFCF795D2C5F6641008E41E8 /* GraphCapsule.swift */; };
		DFCF79632C5F6641008E41E8 /* HikeDetail.swift in Sources */ = {isa = PBXBuildFile; fileRef = DFCF795E2C5F6641008E41E8 /* HikeDetail.swift */; };
		DFCF79642C5F6641008E41E8 /* HikeGraph.swift in Sources */ = {isa = PBXBuildFile; fileRef = DFCF795F2C5F6641008E41E8 /* HikeGraph.swift */; };
		DFCF79652C5F6641008E41E8 /* HikeView.swift in Sources */ = {isa = PBXBuildFile; fileRef = DFCF79602C5F6641008E41E8 /* HikeView.swift */; };
		DFCF79682C5F7261008E41E8 /* CategoryHome.swift in Sources */ = {isa = PBXBuildFile; fileRef = DFCF79672C5F7261008E41E8 /* CategoryHome.swift */; };
		DFFCEFB82C5F78AC00AE33E0 /* CategoryRow.swift in Sources */ = {isa = PBXBuildFile; fileRef = DFFCEFB72C5F78AC00AE33E0 /* CategoryRow.swift */; };
		DFFCEFBA2C5F7A0200AE33E0 /* CategoryItem.swift in Sources */ = {isa = PBXBuildFile; fileRef = DFFCEFB92C5F7A0200AE33E0 /* CategoryItem.swift */; };
		DFFCEFBD2C5F7F5600AE33E0 /* PageViewController.swift in Sources */ = {isa = PBXBuildFile; fileRef = DFFCEFBC2C5F7F5600AE33E0 /* PageViewController.swift */; };
		DFFCEFBF2C5F851800AE33E0 /* FeatureCard.swift in Sources */ = {isa = PBXBuildFile; fileRef = DFFCEFBE2C5F851800AE33E0 /* FeatureCard.swift */; };
		DFFCEFC12C5F86CA00AE33E0 /* PageView.swift in Sources */ = {isa = PBXBuildFile; fileRef = DFFCEFC02C5F86CA00AE33E0 /* PageView.swift */; };
/* End PBXBuildFile section */

/* Begin PBXFileReference section */
		DF199F5B2C5E882800963D11 /* Landmarks.app */ = {isa = PBXFileReference; explicitFileType = wrapper.application; includeInIndex = 0; path = Landmarks.app; sourceTree = BUILT_PRODUCTS_DIR; };
		DF199F5E2C5E882800963D11 /* LandmarksApp.swift */ = {isa = PBXFileReference; lastKnownFileType = sourcecode.swift; path = LandmarksApp.swift; sourceTree = "<group>"; };
		DF199F602C5E882800963D11 /* ContentView.swift */ = {isa = PBXFileReference; lastKnownFileType = sourcecode.swift; path = ContentView.swift; sourceTree = "<group>"; };
		DF199F622C5E882900963D11 /* Assets.xcassets */ = {isa = PBXFileReference; lastKnownFileType = folder.assetcatalog; path = Assets.xcassets; sourceTree = "<group>"; };
		DF199F652C5E882900963D11 /* Preview Assets.xcassets */ = {isa = PBXFileReference; lastKnownFileType = folder.assetcatalog; path = "Preview Assets.xcassets"; sourceTree = "<group>"; };
		DF199F6C2C5E8BE000963D11 /* ImageView.swift */ = {isa = PBXFileReference; lastKnownFileType = sourcecode.swift; path = ImageView.swift; sourceTree = "<group>"; };
		DF199F6E2C5E8CB900963D11 /* MapView.swift */ = {isa = PBXFileReference; lastKnownFileType = sourcecode.swift; path = MapView.swift; sourceTree = "<group>"; };
		DF199F702C5E8F1D00963D11 /* landmarkData.json */ = {isa = PBXFileReference; fileEncoding = 4; lastKnownFileType = text.json; path = landmarkData.json; sourceTree = "<group>"; };
		DF199F722C5E8F3200963D11 /* Landmark.swift */ = {isa = PBXFileReference; lastKnownFileType = sourcecode.swift; path = Landmark.swift; sourceTree = "<group>"; };
		DF199F742C5E90C500963D11 /* ModelData.swift */ = {isa = PBXFileReference; lastKnownFileType = sourcecode.swift; path = ModelData.swift; sourceTree = "<group>"; };
		DF199F792C5E946500963D11 /* LandmarkRow.swift */ = {isa = PBXFileReference; lastKnownFileType = sourcecode.swift; path = LandmarkRow.swift; sourceTree = "<group>"; };
		DF199F7B2C5E95BC00963D11 /* LandmarkList.swift */ = {isa = PBXFileReference; lastKnownFileType = sourcecode.swift; path = LandmarkList.swift; sourceTree = "<group>"; };
		DF199F7D2C5E969700963D11 /* LandmarkDetail.swift */ = {isa = PBXFileReference; lastKnownFileType = sourcecode.swift; path = LandmarkDetail.swift; sourceTree = "<group>"; };
		DF199F7F2C5EA02500963D11 /* FavoriteButton.swift */ = {isa = PBXFileReference; lastKnownFileType = sourcecode.swift; path = FavoriteButton.swift; sourceTree = "<group>"; };
		DF5EE89A2C6744CA0017B3FC /* PageControl.swift */ = {isa = PBXFileReference; lastKnownFileType = sourcecode.swift; path = PageControl.swift; sourceTree = "<group>"; };
		DF5EE89C2C674A270017B3FC /* Readme.md */ = {isa = PBXFileReference; lastKnownFileType = net.daringfireball.markdown; path = Readme.md; sourceTree = "<group>"; };
		DF5EE89E2C674AE20017B3FC /* Simulator Screenshot - iPhone 15 Pro - 2024-08-10 at 12.56.59.png */ = {isa = PBXFileReference; lastKnownFileType = image.png; path = "Simulator Screenshot - iPhone 15 Pro - 2024-08-10 at 12.56.59.png"; sourceTree = "<group>"; };
		DF5EE8A02C674AEA0017B3FC /* Simulator Screenshot - iPhone 15 Pro - 2024-08-10 at 12.57.04.png */ = {isa = PBXFileReference; lastKnownFileType = image.png; path = "Simulator Screenshot - iPhone 15 Pro - 2024-08-10 at 12.57.04.png"; sourceTree = "<group>"; };
		DF5EE8A12C674AEA0017B3FC /* Simulator Screenshot - iPhone 15 Pro - 2024-08-10 at 12.57.20.png */ = {isa = PBXFileReference; lastKnownFileType = image.png; path = "Simulator Screenshot - iPhone 15 Pro - 2024-08-10 at 12.57.20.png"; sourceTree = "<group>"; };
		DFCF79592C5F64D0008E41E8 /* hikeData.json */ = {isa = PBXFileReference; fileEncoding = 4; lastKnownFileType = text.json; path = hikeData.json; sourceTree = "<group>"; };
		DFCF795B2C5F64EE008E41E8 /* Hike.swift */ = {isa = PBXFileReference; lastKnownFileType = sourcecode.swift; path = Hike.swift; sourceTree = "<group>"; };
		DFCF795D2C5F6641008E41E8 /* GraphCapsule.swift */ = {isa = PBXFileReference; fileEncoding = 4; lastKnownFileType = sourcecode.swift; path = GraphCapsule.swift; sourceTree = "<group>"; };
		DFCF795E2C5F6641008E41E8 /* HikeDetail.swift */ = {isa = PBXFileReference; fileEncoding = 4; lastKnownFileType = sourcecode.swift; path = HikeDetail.swift; sourceTree = "<group>"; };
		DFCF795F2C5F6641008E41E8 /* HikeGraph.swift */ = {isa = PBXFileReference; fileEncoding = 4; lastKnownFileType = sourcecode.swift; path = HikeGraph.swift; sourceTree = "<group>"; };
		DFCF79602C5F6641008E41E8 /* HikeView.swift */ = {isa = PBXFileReference; fileEncoding = 4; lastKnownFileType = sourcecode.swift; path = HikeView.swift; sourceTree = "<group>"; };
		DFCF79672C5F7261008E41E8 /* CategoryHome.swift */ = {isa = PBXFileReference; lastKnownFileType = sourcecode.swift; path = CategoryHome.swift; sourceTree = "<group>"; };
		DFFCEFB72C5F78AC00AE33E0 /* CategoryRow.swift */ = {isa = PBXFileReference; lastKnownFileType = sourcecode.swift; path = CategoryRow.swift; sourceTree = "<group>"; };
		DFFCEFB92C5F7A0200AE33E0 /* CategoryItem.swift */ = {isa = PBXFileReference; lastKnownFileType = sourcecode.swift; path = CategoryItem.swift; sourceTree = "<group>"; };
		DFFCEFBC2C5F7F5600AE33E0 /* PageViewController.swift */ = {isa = PBXFileReference; lastKnownFileType = sourcecode.swift; path = PageViewController.swift; sourceTree = "<group>"; };
		DFFCEFBE2C5F851800AE33E0 /* FeatureCard.swift */ = {isa = PBXFileReference; lastKnownFileType = sourcecode.swift; path = FeatureCard.swift; sourceTree = "<group>"; };
		DFFCEFC02C5F86CA00AE33E0 /* PageView.swift */ = {isa = PBXFileReference; lastKnownFileType = sourcecode.swift; path = PageView.swift; sourceTree = "<group>"; };
/* End PBXFileReference section */

/* Begin PBXFrameworksBuildPhase section */
		DF199F582C5E882800963D11 /* Frameworks */ = {
			isa = PBXFrameworksBuildPhase;
			buildActionMask = 2147483647;
			files = (
			);
			runOnlyForDeploymentPostprocessing = 0;
		};
/* End PBXFrameworksBuildPhase section */

/* Begin PBXGroup section */
		DF199F522C5E882700963D11 = {
			isa = PBXGroup;
			children = (
				DF5EE89D2C674AD40017B3FC /* Screenshots */,
				DF5EE89C2C674A270017B3FC /* Readme.md */,
				DF199F5D2C5E882800963D11 /* Landmarks */,
				DF199F5C2C5E882800963D11 /* Products */,
			);
			sourceTree = "<group>";
		};
		DF199F5C2C5E882800963D11 /* Products */ = {
			isa = PBXGroup;
			children = (
				DF199F5B2C5E882800963D11 /* Landmarks.app */,
			);
			name = Products;
			sourceTree = "<group>";
		};
		DF199F5D2C5E882800963D11 /* Landmarks */ = {
			isa = PBXGroup;
			children = (
				DF199F5E2C5E882800963D11 /* LandmarksApp.swift */,
				DF199F602C5E882800963D11 /* ContentView.swift */,
				DF199F782C5E943C00963D11 /* Model */,
				DF199F772C5E942B00963D11 /* Resource */,
				DF199F762C5E940C00963D11 /* Views */,
				DF199F622C5E882900963D11 /* Assets.xcassets */,
				DF199F642C5E882900963D11 /* Preview Content */,
			);
			path = Landmarks;
			sourceTree = "<group>";
		};
		DF199F642C5E882900963D11 /* Preview Content */ = {
			isa = PBXGroup;
			children = (
				DF199F652C5E882900963D11 /* Preview Assets.xcassets */,
			);
			path = "Preview Content";
			sourceTree = "<group>";
		};
		DF199F762C5E940C00963D11 /* Views */ = {
			isa = PBXGroup;
			children = (
				DFFCEFBB2C5F7F4900AE33E0 /* PageView */,
				DFCF79662C5F7248008E41E8 /* Categories */,
				DFCF79612C5F6641008E41E8 /* Hikes */,
				DF199F822C5EA0E600963D11 /* Helpers */,
				DF199F812C5EA0D700963D11 /* Landmarks */,
				DFFCEFBE2C5F851800AE33E0 /* FeatureCard.swift */,
			);
			path = Views;
			sourceTree = "<group>";
		};
		DF199F772C5E942B00963D11 /* Resource */ = {
			isa = PBXGroup;
			children = (
				DFCF79592C5F64D0008E41E8 /* hikeData.json */,
				DF199F702C5E8F1D00963D11 /* landmarkData.json */,
			);
			path = Resource;
			sourceTree = "<group>";
		};
		DF199F782C5E943C00963D11 /* Model */ = {
			isa = PBXGroup;
			children = (
				DF199F722C5E8F3200963D11 /* Landmark.swift */,
				DF199F742C5E90C500963D11 /* ModelData.swift */,
				DFCF795B2C5F64EE008E41E8 /* Hike.swift */,
			);
			path = Model;
			sourceTree = "<group>";
		};
		DF199F812C5EA0D700963D11 /* Landmarks */ = {
			isa = PBXGroup;
			children = (
				DF199F792C5E946500963D11 /* LandmarkRow.swift */,
				DF199F7B2C5E95BC00963D11 /* LandmarkList.swift */,
				DF199F7D2C5E969700963D11 /* LandmarkDetail.swift */,
			);
			path = Landmarks;
			sourceTree = "<group>";
		};
		DF199F822C5EA0E600963D11 /* Helpers */ = {
			isa = PBXGroup;
			children = (
				DF199F6E2C5E8CB900963D11 /* MapView.swift */,
				DF199F6C2C5E8BE000963D11 /* ImageView.swift */,
				DF199F7F2C5EA02500963D11 /* FavoriteButton.swift */,
			);
			path = Helpers;
			sourceTree = "<group>";
		};
		DF5EE89D2C674AD40017B3FC /* Screenshots */ = {
			isa = PBXGroup;
			children = (
				DF5EE8A02C674AEA0017B3FC /* Simulator Screenshot - iPhone 15 Pro - 2024-08-10 at 12.57.04.png */,
				DF5EE8A12C674AEA0017B3FC /* Simulator Screenshot - iPhone 15 Pro - 2024-08-10 at 12.57.20.png */,
				DF5EE89E2C674AE20017B3FC /* Simulator Screenshot - iPhone 15 Pro - 2024-08-10 at 12.56.59.png */,
			);
			path = Screenshots;
			sourceTree = "<group>";
		};
		DFCF79612C5F6641008E41E8 /* Hikes */ = {
			isa = PBXGroup;
			children = (
				DFCF795D2C5F6641008E41E8 /* GraphCapsule.swift */,
				DFCF795E2C5F6641008E41E8 /* HikeDetail.swift */,
				DFCF795F2C5F6641008E41E8 /* HikeGraph.swift */,
				DFCF79602C5F6641008E41E8 /* HikeView.swift */,
			);
			path = Hikes;
			sourceTree = "<group>";
		};
		DFCF79662C5F7248008E41E8 /* Categories */ = {
			isa = PBXGroup;
			children = (
				DFCF79672C5F7261008E41E8 /* CategoryHome.swift */,
				DFFCEFB72C5F78AC00AE33E0 /* CategoryRow.swift */,
				DFFCEFB92C5F7A0200AE33E0 /* CategoryItem.swift */,
			);
			path = Categories;
			sourceTree = "<group>";
		};
		DFFCEFBB2C5F7F4900AE33E0 /* PageView */ = {
			isa = PBXGroup;
			children = (
				DFFCEFBC2C5F7F5600AE33E0 /* PageViewController.swift */,
				DFFCEFC02C5F86CA00AE33E0 /* PageView.swift */,
				DF5EE89A2C6744CA0017B3FC /* PageControl.swift */,
			);
			path = PageView;
			sourceTree = "<group>";
		};
/* End PBXGroup section */

/* Begin PBXNativeTarget section */
		DF199F5A2C5E882800963D11 /* Landmarks */ = {
			isa = PBXNativeTarget;
			buildConfigurationList = DF199F692C5E882900963D11 /* Build configuration list for PBXNativeTarget "Landmarks" */;
			buildPhases = (
				DF199F572C5E882800963D11 /* Sources */,
				DF199F582C5E882800963D11 /* Frameworks */,
				DF199F592C5E882800963D11 /* Resources */,
			);
			buildRules = (
			);
			dependencies = (
			);
			name = Landmarks;
			productName = Landmarks;
			productReference = DF199F5B2C5E882800963D11 /* Landmarks.app */;
			productType = "com.apple.product-type.application";
		};
/* End PBXNativeTarget section */

/* Begin PBXProject section */
		DF199F532C5E882700963D11 /* Project object */ = {
			isa = PBXProject;
			attributes = {
				BuildIndependentTargetsInParallel = 1;
				LastSwiftUpdateCheck = 1540;
				LastUpgradeCheck = 1540;
				TargetAttributes = {
					DF199F5A2C5E882800963D11 = {
						CreatedOnToolsVersion = 15.4;
					};
				};
			};
			buildConfigurationList = DF199F562C5E882700963D11 /* Build configuration list for PBXProject "Landmarks" */;
			compatibilityVersion = "Xcode 14.0";
			developmentRegion = en;
			hasScannedForEncodings = 0;
			knownRegions = (
				en,
				Base,
			);
			mainGroup = DF199F522C5E882700963D11;
			productRefGroup = DF199F5C2C5E882800963D11 /* Products */;
			projectDirPath = "";
			projectRoot = "";
			targets = (
				DF199F5A2C5E882800963D11 /* Landmarks */,
			);
		};
/* End PBXProject section */

/* Begin PBXResourcesBuildPhase section */
		DF199F592C5E882800963D11 /* Resources */ = {
			isa = PBXResourcesBuildPhase;
			buildActionMask = 2147483647;
			files = (
				DF5EE89F2C674AE20017B3FC /* Simulator Screenshot - iPhone 15 Pro - 2024-08-10 at 12.56.59.png in Resources */,
				DF5EE8A32C674AEA0017B3FC /* Simulator Screenshot - iPhone 15 Pro - 2024-08-10 at 12.57.20.png in Resources */,
				DFCF795A2C5F64D0008E41E8 /* hikeData.json in Resources */,
				DF199F662C5E882900963D11 /* Preview Assets.xcassets in Resources */,
				DF5EE8A22C674AEA0017B3FC /* Simulator Screenshot - iPhone 15 Pro - 2024-08-10 at 12.57.04.png in Resources */,
				DF199F632C5E882900963D11 /* Assets.xcassets in Resources */,
				DF199F712C5E8F1D00963D11 /* landmarkData.json in Resources */,
			);
			runOnlyForDeploymentPostprocessing = 0;
		};
/* End PBXResourcesBuildPhase section */

/* Begin PBXSourcesBuildPhase section */
		DF199F572C5E882800963D11 /* Sources */ = {
			isa = PBXSourcesBuildPhase;
			buildActionMask = 2147483647;
			files = (
				DF199F6D2C5E8BE000963D11 /* ImageView.swift in Sources */,
				DF199F6F2C5E8CB900963D11 /* MapView.swift in Sources */,
				DF199F612C5E882800963D11 /* ContentView.swift in Sources */,
				DF199F802C5EA02500963D11 /* FavoriteButton.swift in Sources */,
				DFFCEFBA2C5F7A0200AE33E0 /* CategoryItem.swift in Sources */,
				DFCF79682C5F7261008E41E8 /* CategoryHome.swift in Sources */,
				DFCF795C2C5F64EE008E41E8 /* Hike.swift in Sources */,
				DF199F7C2C5E95BC00963D11 /* LandmarkList.swift in Sources */,
				DF5EE89B2C6744CA0017B3FC /* PageControl.swift in Sources */,
				DF199F7E2C5E969700963D11 /* LandmarkDetail.swift in Sources */,
				DFFCEFB82C5F78AC00AE33E0 /* CategoryRow.swift in Sources */,
				DF199F5F2C5E882800963D11 /* LandmarksApp.swift in Sources */,
				DFCF79632C5F6641008E41E8 /* HikeDetail.swift in Sources */,
				DFCF79622C5F6641008E41E8 /* GraphCapsule.swift in Sources */,
				DFFCEFC12C5F86CA00AE33E0 /* PageView.swift in Sources */,
				DF199F732C5E8F3200963D11 /* Landmark.swift in Sources */,
				DFFCEFBF2C5F851800AE33E0 /* FeatureCard.swift in Sources */,
				DFFCEFBD2C5F7F5600AE33E0 /* PageViewController.swift in Sources */,
				DFCF79642C5F6641008E41E8 /* HikeGraph.swift in Sources */,
				DF199F7A2C5E946500963D11 /* LandmarkRow.swift in Sources */,
				DFCF79652C5F6641008E41E8 /* HikeView.swift in Sources */,
				DF199F752C5E90C500963D11 /* ModelData.swift in Sources */,
			);
			runOnlyForDeploymentPostprocessing = 0;
		};
/* End PBXSourcesBuildPhase section */

/* Begin XCBuildConfiguration section */
		DF199F672C5E882900963D11 /* Debug */ = {
			isa = XCBuildConfiguration;
			buildSettings = {
				ALWAYS_SEARCH_USER_PATHS = NO;
				ASSETCATALOG_COMPILER_GENERATE_SWIFT_ASSET_SYMBOL_EXTENSIONS = YES;
				CLANG_ANALYZER_NONNULL = YES;
				CLANG_ANALYZER_NUMBER_OBJECT_CONVERSION = YES_AGGRESSIVE;
				CLANG_CXX_LANGUAGE_STANDARD = "gnu++20";
				CLANG_ENABLE_MODULES = YES;
				CLANG_ENABLE_OBJC_ARC = YES;
				CLANG_ENABLE_OBJC_WEAK = YES;
				CLANG_WARN_BLOCK_CAPTURE_AUTORELEASING = YES;
				CLANG_WARN_BOOL_CONVERSION = YES;
				CLANG_WARN_COMMA = YES;
				CLANG_WARN_CONSTANT_CONVERSION = YES;
				CLANG_WARN_DEPRECATED_OBJC_IMPLEMENTATIONS = YES;
				CLANG_WARN_DIRECT_OBJC_ISA_USAGE = YES_ERROR;
				CLANG_WARN_DOCUMENTATION_COMMENTS = YES;
				CLANG_WARN_EMPTY_BODY = YES;
				CLANG_WARN_ENUM_CONVERSION = YES;
				CLANG_WARN_INFINITE_RECURSION = YES;
				CLANG_WARN_INT_CONVERSION = YES;
				CLANG_WARN_NON_LITERAL_NULL_CONVERSION = YES;
				CLANG_WARN_OBJC_IMPLICIT_RETAIN_SELF = YES;
				CLANG_WARN_OBJC_LITERAL_CONVERSION = YES;
				CLANG_WARN_OBJC_ROOT_CLASS = YES_ERROR;
				CLANG_WARN_QUOTED_INCLUDE_IN_FRAMEWORK_HEADER = YES;
				CLANG_WARN_RANGE_LOOP_ANALYSIS = YES;
				CLANG_WARN_STRICT_PROTOTYPES = YES;
				CLANG_WARN_SUSPICIOUS_MOVE = YES;
				CLANG_WARN_UNGUARDED_AVAILABILITY = YES_AGGRESSIVE;
				CLANG_WARN_UNREACHABLE_CODE = YES;
				CLANG_WARN__DUPLICATE_METHOD_MATCH = YES;
				COPY_PHASE_STRIP = NO;
				DEBUG_INFORMATION_FORMAT = dwarf;
				ENABLE_STRICT_OBJC_MSGSEND = YES;
				ENABLE_TESTABILITY = YES;
				ENABLE_USER_SCRIPT_SANDBOXING = YES;
				GCC_C_LANGUAGE_STANDARD = gnu17;
				GCC_DYNAMIC_NO_PIC = NO;
				GCC_NO_COMMON_BLOCKS = YES;
				GCC_OPTIMIZATION_LEVEL = 0;
				GCC_PREPROCESSOR_DEFINITIONS = (
					"DEBUG=1",
					"$(inherited)",
				);
				GCC_WARN_64_TO_32_BIT_CONVERSION = YES;
				GCC_WARN_ABOUT_RETURN_TYPE = YES_ERROR;
				GCC_WARN_UNDECLARED_SELECTOR = YES;
				GCC_WARN_UNINITIALIZED_AUTOS = YES_AGGRESSIVE;
				GCC_WARN_UNUSED_FUNCTION = YES;
				GCC_WARN_UNUSED_VARIABLE = YES;
				IPHONEOS_DEPLOYMENT_TARGET = 17.5;
				LOCALIZATION_PREFERS_STRING_CATALOGS = YES;
				MTL_ENABLE_DEBUG_INFO = INCLUDE_SOURCE;
				MTL_FAST_MATH = YES;
				ONLY_ACTIVE_ARCH = YES;
				SDKROOT = iphoneos;
				SWIFT_ACTIVE_COMPILATION_CONDITIONS = "DEBUG $(inherited)";
				SWIFT_OPTIMIZATION_LEVEL = "-Onone";
			};
			name = Debug;
		};
		DF199F682C5E882900963D11 /* Release */ = {
			isa = XCBuildConfiguration;
			buildSettings = {
				ALWAYS_SEARCH_USER_PATHS = NO;
				ASSETCATALOG_COMPILER_GENERATE_SWIFT_ASSET_SYMBOL_EXTENSIONS = YES;
				CLANG_ANALYZER_NONNULL = YES;
				CLANG_ANALYZER_NUMBER_OBJECT_CONVERSION = YES_AGGRESSIVE;
				CLANG_CXX_LANGUAGE_STANDARD = "gnu++20";
				CLANG_ENABLE_MODULES = YES;
				CLANG_ENABLE_OBJC_ARC = YES;
				CLANG_ENABLE_OBJC_WEAK = YES;
				CLANG_WARN_BLOCK_CAPTURE_AUTORELEASING = YES;
				CLANG_WARN_BOOL_CONVERSION = YES;
				CLANG_WARN_COMMA = YES;
				CLANG_WARN_CONSTANT_CONVERSION = YES;
				CLANG_WARN_DEPRECATED_OBJC_IMPLEMENTATIONS = YES;
				CLANG_WARN_DIRECT_OBJC_ISA_USAGE = YES_ERROR;
				CLANG_WARN_DOCUMENTATION_COMMENTS = YES;
				CLANG_WARN_EMPTY_BODY = YES;
				CLANG_WARN_ENUM_CONVERSION = YES;
				CLANG_WARN_INFINITE_RECURSION = YES;
				CLANG_WARN_INT_CONVERSION = YES;
				CLANG_WARN_NON_LITERAL_NULL_CONVERSION = YES;
				CLANG_WARN_OBJC_IMPLICIT_RETAIN_SELF = YES;
				CLANG_WARN_OBJC_LITERAL_CONVERSION = YES;
				CLANG_WARN_OBJC_ROOT_CLASS = YES_ERROR;
				CLANG_WARN_QUOTED_INCLUDE_IN_FRAMEWORK_HEADER = YES;
				CLANG_WARN_RANGE_LOOP_ANALYSIS = YES;
				CLANG_WARN_STRICT_PROTOTYPES = YES;
				CLANG_WARN_SUSPICIOUS_MOVE = YES;
				CLANG_WARN_UNGUARDED_AVAILABILITY = YES_AGGRESSIVE;
				CLANG_WARN_UNREACHABLE_CODE = YES;
				CLANG_WARN__DUPLICATE_METHOD_MATCH = YES;
				COPY_PHASE_STRIP = NO;
				DEBUG_INFORMATION_FORMAT = "dwarf-with-dsym";
				ENABLE_NS_ASSERTIONS = NO;
				ENABLE_STRICT_OBJC_MSGSEND = YES;
				ENABLE_USER_SCRIPT_SANDBOXING = YES;
				GCC_C_LANGUAGE_STANDARD = gnu17;
				GCC_NO_COMMON_BLOCKS = YES;
				GCC_WARN_64_TO_32_BIT_CONVERSION = YES;
				GCC_WARN_ABOUT_RETURN_TYPE = YES_ERROR;
				GCC_WARN_UNDECLARED_SELECTOR = YES;
				GCC_WARN_UNINITIALIZED_AUTOS = YES_AGGRESSIVE;
				GCC_WARN_UNUSED_FUNCTION = YES;
				GCC_WARN_UNUSED_VARIABLE = YES;
				IPHONEOS_DEPLOYMENT_TARGET = 17.5;
				LOCALIZATION_PREFERS_STRING_CATALOGS = YES;
				MTL_ENABLE_DEBUG_INFO = NO;
				MTL_FAST_MATH = YES;
				SDKROOT = iphoneos;
				SWIFT_COMPILATION_MODE = wholemodule;
				VALIDATE_PRODUCT = YES;
			};
			name = Release;
		};
		DF199F6A2C5E882900963D11 /* Debug */ = {
			isa = XCBuildConfiguration;
			buildSettings = {
				ASSETCATALOG_COMPILER_APPICON_NAME = AppIcon;
				ASSETCATALOG_COMPILER_GLOBAL_ACCENT_COLOR_NAME = AccentColor;
				CODE_SIGN_STYLE = Automatic;
				CURRENT_PROJECT_VERSION = 1;
				DEVELOPMENT_ASSET_PATHS = "\"Landmarks/Preview Content\"";
				ENABLE_PREVIEWS = YES;
				GENERATE_INFOPLIST_FILE = YES;
				INFOPLIST_KEY_UIApplicationSceneManifest_Generation = YES;
				INFOPLIST_KEY_UIApplicationSupportsIndirectInputEvents = YES;
				INFOPLIST_KEY_UILaunchScreen_Generation = YES;
				INFOPLIST_KEY_UISupportedInterfaceOrientations_iPad = "UIInterfaceOrientationPortrait UIInterfaceOrientationPortraitUpsideDown UIInterfaceOrientationLandscapeLeft UIInterfaceOrientationLandscapeRight";
				INFOPLIST_KEY_UISupportedInterfaceOrientations_iPhone = "UIInterfaceOrientationPortrait UIInterfaceOrientationLandscapeLeft UIInterfaceOrientationLandscapeRight";
				LD_RUNPATH_SEARCH_PATHS = (
					"$(inherited)",
					"@executable_path/Frameworks",
				);
				MARKETING_VERSION = 1.0;
				PRODUCT_BUNDLE_IDENTIFIER = com.diwas.Landmarks;
				PRODUCT_NAME = "$(TARGET_NAME)";
				SWIFT_EMIT_LOC_STRINGS = YES;
				SWIFT_VERSION = 5.0;
				TARGETED_DEVICE_FAMILY = "1,2";
			};
			name = Debug;
		};
		DF199F6B2C5E882900963D11 /* Release */ = {
			isa = XCBuildConfiguration;
			buildSettings = {
				ASSETCATALOG_COMPILER_APPICON_NAME = AppIcon;
				ASSETCATALOG_COMPILER_GLOBAL_ACCENT_COLOR_NAME = AccentColor;
				CODE_SIGN_STYLE = Automatic;
				CURRENT_PROJECT_VERSION = 1;
				DEVELOPMENT_ASSET_PATHS = "\"Landmarks/Preview Content\"";
				ENABLE_PREVIEWS = YES;
				GENERATE_INFOPLIST_FILE = YES;
				INFOPLIST_KEY_UIApplicationSceneManifest_Generation = YES;
				INFOPLIST_KEY_UIApplicationSupportsIndirectInputEvents = YES;
				INFOPLIST_KEY_UILaunchScreen_Generation = YES;
				INFOPLIST_KEY_UISupportedInterfaceOrientations_iPad = "UIInterfaceOrientationPortrait UIInterfaceOrientationPortraitUpsideDown UIInterfaceOrientationLandscapeLeft UIInterfaceOrientationLandscapeRight";
				INFOPLIST_KEY_UISupportedInterfaceOrientations_iPhone = "UIInterfaceOrientationPortrait UIInterfaceOrientationLandscapeLeft UIInterfaceOrientationLandscapeRight";
				LD_RUNPATH_SEARCH_PATHS = (
					"$(inherited)",
					"@executable_path/Frameworks",
				);
				MARKETING_VERSION = 1.0;
				PRODUCT_BUNDLE_IDENTIFIER = com.diwas.Landmarks;
				PRODUCT_NAME = "$(TARGET_NAME)";
				SWIFT_EMIT_LOC_STRINGS = YES;
				SWIFT_VERSION = 5.0;
				TARGETED_DEVICE_FAMILY = "1,2";
			};
			name = Release;
		};
/* End XCBuildConfiguration section */

/* Begin XCConfigurationList section */
		DF199F562C5E882700963D11 /* Build configuration list for PBXProject "Landmarks" */ = {
			isa = XCConfigurationList;
			buildConfigurations = (
				DF199F672C5E882900963D11 /* Debug */,
				DF199F682C5E882900963D11 /* Release */,
			);
			defaultConfigurationIsVisible = 0;
			defaultConfigurationName = Release;
		};
		DF199F692C5E882900963D11 /* Build configuration list for PBXNativeTarget "Landmarks" */ = {
			isa = XCConfigurationList;
			buildConfigurations = (
				DF199F6A2C5E882900963D11 /* Debug */,
				DF199F6B2C5E882900963D11 /* Release */,
			);
			defaultConfigurationIsVisible = 0;
			defaultConfigurationName = Release;
		};
/* End XCConfigurationList section */
	};
	rootObject = DF199F532C5E882700963D11 /* Project object */;
}
